
Microsoft Visual Studio Solution File, Format Version 12.00
# Visual Studio Version 16
VisualStudioVersion = 16.0.31005.135
MinimumVisualStudioVersion = 10.0.40219.1
Project("{FAE04EC0-301F-11D3-BF4B-00C04F79EFBC}") = "InterfaceTutorial-TA", "InterfaceTutorial-TA\InterfaceTutorial-TA.csproj", "{978DFF51-4A97-475C-AE92-BED34B7DC6F5}"
EndProject
Global
	GlobalSection(SolutionConfigurationPlatforms) = preSolution
		Debug|Any CPU = Debug|Any CPU
		Release|Any CPU = Release|Any CPU
	EndGlobalSection
	GlobalSection(ProjectConfigurationPlatforms) = postSolution
		{978DFF51-4A97-475C-AE92-BED34B7DC6F5}.Debug|Any CPU.ActiveCfg = Debug|Any CPU
		{978DFF51-4A97-475C-AE92-BED34B7DC6F5}.Debug|Any CPU.Build.0 = Debug|Any CPU
		{978DFF51-4A97-475C-AE92-BED34B7DC6F5}.Release|Any CPU.ActiveCfg = Release|Any CPU
		{978DFF51-4A97-475C-AE92-BED34B7DC6F5}.Release|Any CPU.Build.0 = Release|Any CPU
	EndGlobalSection
	GlobalSection(SolutionProperties) = preSolution
		HideSolutionNode = FALSE
	EndGlobalSection
	GlobalSection(ExtensibilityGlobals) = postSolution
		SolutionGuid = {0E4787AB-E263-4A06-9AD1-58DB9607DB72}
	EndGlobalSection
EndGlobal
